
Microsoft Visual Studio Solution File, Format Version 12.00
# Visual Studio Version 17
VisualStudioVersion = 17.9.34607.119
MinimumVisualStudioVersion = 10.0.40219.1
Project("{FAE04EC0-301F-11D3-BF4B-00C04F79EFBC}") = "OnlineTransferApp.Entities", "OnlineTransferApp.Entities\OnlineTransferApp.Entities.csproj", "{800E8BF7-B58F-41A4-AC27-C26975A97217}"
EndProject
Project("{FAE04EC0-301F-11D3-BF4B-00C04F79EFBC}") = "OnlineTransferApp.UserInterface", "OnlineTransferApp.UserInterface\OnlineTransferApp.UserInterface.csproj", "{186C7022-6A39-4225-82E3-CD15398E1CD2}"
EndProject
Global
	GlobalSection(SolutionConfigurationPlatforms) = preSolution
		Debug|Any CPU = Debug|Any CPU
		Release|Any CPU = Release|Any CPU
	EndGlobalSection
	GlobalSection(ProjectConfigurationPlatforms) = postSolution
		{800E8BF7-B58F-41A4-AC27-C26975A97217}.Debug|Any CPU.ActiveCfg = Debug|Any CPU
		{800E8BF7-B58F-41A4-AC27-C26975A97217}.Debug|Any CPU.Build.0 = Debug|Any CPU
		{800E8BF7-B58F-41A4-AC27-C26975A97217}.Release|Any CPU.ActiveCfg = Release|Any CPU
		{800E8BF7-B58F-41A4-AC27-C26975A97217}.Release|Any CPU.Build.0 = Release|Any CPU
		{186C7022-6A39-4225-82E3-CD15398E1CD2}.Debug|Any CPU.ActiveCfg = Debug|Any CPU
		{186C7022-6A39-4225-82E3-CD15398E1CD2}.Debug|Any CPU.Build.0 = Debug|Any CPU
		{186C7022-6A39-4225-82E3-CD15398E1CD2}.Release|Any CPU.ActiveCfg = Release|Any CPU
		{186C7022-6A39-4225-82E3-CD15398E1CD2}.Release|Any CPU.Build.0 = Release|Any CPU
	EndGlobalSection
	GlobalSection(SolutionProperties) = preSolution
		HideSolutionNode = FALSE
	EndGlobalSection
	GlobalSection(ExtensibilityGlobals) = postSolution
		SolutionGuid = {A210A0CB-83E1-4C0F-B183-6DE5FB5D3B0D}
	EndGlobalSection
EndGlobal
