
Microsoft Visual Studio Solution File, Format Version 12.00
# Visual Studio Version 17
VisualStudioVersion = 17.9.34607.119
MinimumVisualStudioVersion = 10.0.40219.1
Project("{FAE04EC0-301F-11D3-BF4B-00C04F79EFBC}") = "ExtensionMethodApp", "ExtensionMethodApp.csproj", "{4BBFB521-E23F-4E3D-AF96-71F5CD1BD813}"
EndProject
Global
	GlobalSection(SolutionConfigurationPlatforms) = preSolution
		Debug|Any CPU = Debug|Any CPU
		Release|Any CPU = Release|Any CPU
	EndGlobalSection
	GlobalSection(ProjectConfigurationPlatforms) = postSolution
		{4BBFB521-E23F-4E3D-AF96-71F5CD1BD813}.Debug|Any CPU.ActiveCfg = Debug|Any CPU
		{4BBFB521-E23F-4E3D-AF96-71F5CD1BD813}.Debug|Any CPU.Build.0 = Debug|Any CPU
		{4BBFB521-E23F-4E3D-AF96-71F5CD1BD813}.Release|Any CPU.ActiveCfg = Release|Any CPU
		{4BBFB521-E23F-4E3D-AF96-71F5CD1BD813}.Release|Any CPU.Build.0 = Release|Any CPU
	EndGlobalSection
	GlobalSection(SolutionProperties) = preSolution
		HideSolutionNode = FALSE
	EndGlobalSection
	GlobalSection(ExtensibilityGlobals) = postSolution
		SolutionGuid = {E8883346-64F5-4A69-B3B7-9B376B7A27D8}
	EndGlobalSection
EndGlobal
