
Microsoft Visual Studio Solution File, Format Version 12.00
# Visual Studio Version 17
VisualStudioVersion = 17.9.34607.119
MinimumVisualStudioVersion = 10.0.40219.1
Project("{FAE04EC0-301F-11D3-BF4B-00C04F79EFBC}") = "FirstApp", "FirstApp.csproj", "{D4153281-E435-48C4-BE5F-EDEC0462753B}"
EndProject
Global
	GlobalSection(SolutionConfigurationPlatforms) = preSolution
		Debug|Any CPU = Debug|Any CPU
		Release|Any CPU = Release|Any CPU
	EndGlobalSection
	GlobalSection(ProjectConfigurationPlatforms) = postSolution
		{D4153281-E435-48C4-BE5F-EDEC0462753B}.Debug|Any CPU.ActiveCfg = Debug|Any CPU
		{D4153281-E435-48C4-BE5F-EDEC0462753B}.Debug|Any CPU.Build.0 = Debug|Any CPU
		{D4153281-E435-48C4-BE5F-EDEC0462753B}.Release|Any CPU.ActiveCfg = Release|Any CPU
		{D4153281-E435-48C4-BE5F-EDEC0462753B}.Release|Any CPU.Build.0 = Release|Any CPU
	EndGlobalSection
	GlobalSection(SolutionProperties) = preSolution
		HideSolutionNode = FALSE
	EndGlobalSection
	GlobalSection(ExtensibilityGlobals) = postSolution
		SolutionGuid = {A30383D9-0F84-4D63-8A52-5F1CD73E6666}
	EndGlobalSection
EndGlobal
