
Microsoft Visual Studio Solution File, Format Version 12.00
# Visual Studio Version 17
VisualStudioVersion = 17.9.34607.119
MinimumVisualStudioVersion = 10.0.40219.1
Project("{FAE04EC0-301F-11D3-BF4B-00C04F79EFBC}") = "ExtensionLibrary", "ExtensionLibrary.csproj", "{633B082E-A07D-459A-B49F-5B314274265A}"
EndProject
Global
	GlobalSection(SolutionConfigurationPlatforms) = preSolution
		Debug|Any CPU = Debug|Any CPU
		Release|Any CPU = Release|Any CPU
	EndGlobalSection
	GlobalSection(ProjectConfigurationPlatforms) = postSolution
		{633B082E-A07D-459A-B49F-5B314274265A}.Debug|Any CPU.ActiveCfg = Debug|Any CPU
		{633B082E-A07D-459A-B49F-5B314274265A}.Debug|Any CPU.Build.0 = Debug|Any CPU
		{633B082E-A07D-459A-B49F-5B314274265A}.Release|Any CPU.ActiveCfg = Release|Any CPU
		{633B082E-A07D-459A-B49F-5B314274265A}.Release|Any CPU.Build.0 = Release|Any CPU
	EndGlobalSection
	GlobalSection(SolutionProperties) = preSolution
		HideSolutionNode = FALSE
	EndGlobalSection
	GlobalSection(ExtensibilityGlobals) = postSolution
		SolutionGuid = {28636E0B-3042-457A-B7DF-7B668C5DEFC7}
	EndGlobalSection
EndGlobal
