
Microsoft Visual Studio Solution File, Format Version 12.00
# Visual Studio Version 17
VisualStudioVersion = 17.9.34607.119
MinimumVisualStudioVersion = 10.0.40219.1
Project("{FAE04EC0-301F-11D3-BF4B-00C04F79EFBC}") = "ConsoleApp1", "ConsoleApp1.csproj", "{421EA62B-13BB-4862-B27E-7740DEF48562}"
EndProject
Global
	GlobalSection(SolutionConfigurationPlatforms) = preSolution
		Debug|Any CPU = Debug|Any CPU
		Release|Any CPU = Release|Any CPU
	EndGlobalSection
	GlobalSection(ProjectConfigurationPlatforms) = postSolution
		{421EA62B-13BB-4862-B27E-7740DEF48562}.Debug|Any CPU.ActiveCfg = Debug|Any CPU
		{421EA62B-13BB-4862-B27E-7740DEF48562}.Debug|Any CPU.Build.0 = Debug|Any CPU
		{421EA62B-13BB-4862-B27E-7740DEF48562}.Release|Any CPU.ActiveCfg = Release|Any CPU
		{421EA62B-13BB-4862-B27E-7740DEF48562}.Release|Any CPU.Build.0 = Release|Any CPU
	EndGlobalSection
	GlobalSection(SolutionProperties) = preSolution
		HideSolutionNode = FALSE
	EndGlobalSection
	GlobalSection(ExtensibilityGlobals) = postSolution
		SolutionGuid = {F63832AA-975B-4C49-9C67-9F90F81ACD36}
	EndGlobalSection
EndGlobal
