
Microsoft Visual Studio Solution File, Format Version 12.00
# Visual Studio Version 17
VisualStudioVersion = 17.9.34607.119
MinimumVisualStudioVersion = 10.0.40219.1
Project("{FAE04EC0-301F-11D3-BF4B-00C04F79EFBC}") = "OOP", "OOP.csproj", "{26ED5830-EEDD-4366-8AD2-8E58110CBE81}"
EndProject
Project("{FAE04EC0-301F-11D3-BF4B-00C04F79EFBC}") = "OOP.Entities", "..\OOP.Entities\OOP.Entities.csproj", "{FF73FB44-B24C-4693-AE4D-4804E971EBD8}"
EndProject
Global
	GlobalSection(SolutionConfigurationPlatforms) = preSolution
		Debug|Any CPU = Debug|Any CPU
		Release|Any CPU = Release|Any CPU
	EndGlobalSection
	GlobalSection(ProjectConfigurationPlatforms) = postSolution
		{26ED5830-EEDD-4366-8AD2-8E58110CBE81}.Debug|Any CPU.ActiveCfg = Debug|Any CPU
		{26ED5830-EEDD-4366-8AD2-8E58110CBE81}.Debug|Any CPU.Build.0 = Debug|Any CPU
		{26ED5830-EEDD-4366-8AD2-8E58110CBE81}.Release|Any CPU.ActiveCfg = Release|Any CPU
		{26ED5830-EEDD-4366-8AD2-8E58110CBE81}.Release|Any CPU.Build.0 = Release|Any CPU
		{FF73FB44-B24C-4693-AE4D-4804E971EBD8}.Debug|Any CPU.ActiveCfg = Debug|Any CPU
		{FF73FB44-B24C-4693-AE4D-4804E971EBD8}.Debug|Any CPU.Build.0 = Debug|Any CPU
		{FF73FB44-B24C-4693-AE4D-4804E971EBD8}.Release|Any CPU.ActiveCfg = Release|Any CPU
		{FF73FB44-B24C-4693-AE4D-4804E971EBD8}.Release|Any CPU.Build.0 = Release|Any CPU
	EndGlobalSection
	GlobalSection(SolutionProperties) = preSolution
		HideSolutionNode = FALSE
	EndGlobalSection
	GlobalSection(ExtensibilityGlobals) = postSolution
		SolutionGuid = {84D0B5D0-7321-4530-A3D9-A630542933EC}
	EndGlobalSection
EndGlobal
